
Microsoft Visual Studio Solution File, Format Version 12.00
# Visual Studio 2013
VisualStudioVersion = 12.0.31101.0
MinimumVisualStudioVersion = 10.0.40219.1
Project("{FAE04EC0-301F-11D3-BF4B-00C04F79EFBC}") = "Shapes", "Shapes\Shapes.csproj", "{F7FB7C25-07C9-4CCC-975A-0FB55E178DA5}"
EndProject
Project("{FAE04EC0-301F-11D3-BF4B-00C04F79EFBC}") = "BankAccount", "BankAccount\BankAccount.csproj", "{D472E2B6-277D-4453-B748-2BBEA08ADF5D}"
EndProject
Project("{FAE04EC0-301F-11D3-BF4B-00C04F79EFBC}") = "RangeExceptions", "RangeExceptions\RangeExceptions.csproj", "{C929081A-0879-487F-9FBA-03386EDA7EF4}"
EndProject
Global
	GlobalSection(SolutionConfigurationPlatforms) = preSolution
		Debug|Any CPU = Debug|Any CPU
		Release|Any CPU = Release|Any CPU
	EndGlobalSection
	GlobalSection(ProjectConfigurationPlatforms) = postSolution
		{F7FB7C25-07C9-4CCC-975A-0FB55E178DA5}.Debug|Any CPU.ActiveCfg = Debug|Any CPU
		{F7FB7C25-07C9-4CCC-975A-0FB55E178DA5}.Debug|Any CPU.Build.0 = Debug|Any CPU
		{F7FB7C25-07C9-4CCC-975A-0FB55E178DA5}.Release|Any CPU.ActiveCfg = Release|Any CPU
		{F7FB7C25-07C9-4CCC-975A-0FB55E178DA5}.Release|Any CPU.Build.0 = Release|Any CPU
		{D472E2B6-277D-4453-B748-2BBEA08ADF5D}.Debug|Any CPU.ActiveCfg = Debug|Any CPU
		{D472E2B6-277D-4453-B748-2BBEA08ADF5D}.Debug|Any CPU.Build.0 = Debug|Any CPU
		{D472E2B6-277D-4453-B748-2BBEA08ADF5D}.Release|Any CPU.ActiveCfg = Release|Any CPU
		{D472E2B6-277D-4453-B748-2BBEA08ADF5D}.Release|Any CPU.Build.0 = Release|Any CPU
		{C929081A-0879-487F-9FBA-03386EDA7EF4}.Debug|Any CPU.ActiveCfg = Debug|Any CPU
		{C929081A-0879-487F-9FBA-03386EDA7EF4}.Debug|Any CPU.Build.0 = Debug|Any CPU
		{C929081A-0879-487F-9FBA-03386EDA7EF4}.Release|Any CPU.ActiveCfg = Release|Any CPU
		{C929081A-0879-487F-9FBA-03386EDA7EF4}.Release|Any CPU.Build.0 = Release|Any CPU
	EndGlobalSection
	GlobalSection(SolutionProperties) = preSolution
		HideSolutionNode = FALSE
	EndGlobalSection
EndGlobal
